
Microsoft Visual Studio Solution File, Format Version 12.00
# Visual Studio Version 17
VisualStudioVersion = 17.8.34330.188
MinimumVisualStudioVersion = 10.0.40219.1
Project("{9A19103F-16F7-4668-BE54-9A1E7A4F7556}") = "BulkyWeb", "BulkyWeb\BulkyWeb.csproj", "{7A375122-0B54-4CEC-B67F-C3991D4BDC2D}"
EndProject
Project("{9A19103F-16F7-4668-BE54-9A1E7A4F7556}") = "BulkyWebRazor_Temp", "BulkyWebRazor_Temp\BulkyWebRazor_Temp.csproj", "{C27B2076-10AE-4384-86C7-4899996671E9}"
EndProject
Project("{FAE04EC0-301F-11D3-BF4B-00C04F79EFBC}") = "Bulky.DataAccess", "Bulky.DataAccess\Bulky.DataAccess.csproj", "{2726C5C0-A00F-4070-AB7F-C80981D1C922}"
EndProject
Project("{FAE04EC0-301F-11D3-BF4B-00C04F79EFBC}") = "Bulky.Models", "Bulky.Models\Bulky.Models.csproj", "{3328EDAE-6A86-41CA-8D30-579365FA2215}"
EndProject
Project("{FAE04EC0-301F-11D3-BF4B-00C04F79EFBC}") = "Bulky.Utility", "Bulky.Utility\Bulky.Utility.csproj", "{3CFF8967-BC90-4335-9792-8DE83CBB8C60}"
EndProject
Global
	GlobalSection(SolutionConfigurationPlatforms) = preSolution
		Debug|Any CPU = Debug|Any CPU
		Release|Any CPU = Release|Any CPU
	EndGlobalSection
	GlobalSection(ProjectConfigurationPlatforms) = postSolution
		{7A375122-0B54-4CEC-B67F-C3991D4BDC2D}.Debug|Any CPU.ActiveCfg = Debug|Any CPU
		{7A375122-0B54-4CEC-B67F-C3991D4BDC2D}.Debug|Any CPU.Build.0 = Debug|Any CPU
		{7A375122-0B54-4CEC-B67F-C3991D4BDC2D}.Release|Any CPU.ActiveCfg = Release|Any CPU
		{7A375122-0B54-4CEC-B67F-C3991D4BDC2D}.Release|Any CPU.Build.0 = Release|Any CPU
		{C27B2076-10AE-4384-86C7-4899996671E9}.Debug|Any CPU.ActiveCfg = Debug|Any CPU
		{C27B2076-10AE-4384-86C7-4899996671E9}.Debug|Any CPU.Build.0 = Debug|Any CPU
		{C27B2076-10AE-4384-86C7-4899996671E9}.Release|Any CPU.ActiveCfg = Release|Any CPU
		{C27B2076-10AE-4384-86C7-4899996671E9}.Release|Any CPU.Build.0 = Release|Any CPU
		{2726C5C0-A00F-4070-AB7F-C80981D1C922}.Debug|Any CPU.ActiveCfg = Debug|Any CPU
		{2726C5C0-A00F-4070-AB7F-C80981D1C922}.Debug|Any CPU.Build.0 = Debug|Any CPU
		{2726C5C0-A00F-4070-AB7F-C80981D1C922}.Release|Any CPU.ActiveCfg = Release|Any CPU
		{2726C5C0-A00F-4070-AB7F-C80981D1C922}.Release|Any CPU.Build.0 = Release|Any CPU
		{3328EDAE-6A86-41CA-8D30-579365FA2215}.Debug|Any CPU.ActiveCfg = Debug|Any CPU
		{3328EDAE-6A86-41CA-8D30-579365FA2215}.Debug|Any CPU.Build.0 = Debug|Any CPU
		{3328EDAE-6A86-41CA-8D30-579365FA2215}.Release|Any CPU.ActiveCfg = Release|Any CPU
		{3328EDAE-6A86-41CA-8D30-579365FA2215}.Release|Any CPU.Build.0 = Release|Any CPU
		{3CFF8967-BC90-4335-9792-8DE83CBB8C60}.Debug|Any CPU.ActiveCfg = Debug|Any CPU
		{3CFF8967-BC90-4335-9792-8DE83CBB8C60}.Debug|Any CPU.Build.0 = Debug|Any CPU
		{3CFF8967-BC90-4335-9792-8DE83CBB8C60}.Release|Any CPU.ActiveCfg = Release|Any CPU
		{3CFF8967-BC90-4335-9792-8DE83CBB8C60}.Release|Any CPU.Build.0 = Release|Any CPU
	EndGlobalSection
	GlobalSection(SolutionProperties) = preSolution
		HideSolutionNode = FALSE
	EndGlobalSection
	GlobalSection(ExtensibilityGlobals) = postSolution
		SolutionGuid = {3607201D-91E5-4232-9C59-09403FA448AF}
	EndGlobalSection
EndGlobal
